// !$*UTF8*$!
{
	archiveVersion = 1;
	classes = {
	};
	objectVersion = 50;
	objects = {

/* Begin PBXBuildFile section */
		0243369920897E0600770A8D /* libopencv_core.dylib in Frameworks */ = {isa = PBXBuildFile; fileRef = 0243369820897E0600770A8D /* libopencv_core.dylib */; };
		0243369D20897FF700770A8D /* opencv2 in Resources */ = {isa = PBXBuildFile; fileRef = 0243369C20897FF600770A8D /* opencv2 */; };
		024336A02089815E00770A8D /* libopencv_video.dylib in Frameworks */ = {isa = PBXBuildFile; fileRef = 0243369E2089815E00770A8D /* libopencv_video.dylib */; };
		024336A12089815E00770A8D /* libopencv_videoio.dylib in Frameworks */ = {isa = PBXBuildFile; fileRef = 0243369F2089815E00770A8D /* libopencv_videoio.dylib */; };
		024336A7208981A700770A8D /* chat_MDalarm_20180403_044658.mkv in Resources */ = {isa = PBXBuildFile; fileRef = 024336A5208981A700770A8D /* chat_MDalarm_20180403_044658.mkv */; };
		024336A8208981A700770A8D /* chat_MDalarm_20180416_092815.mkv in Resources */ = {isa = PBXBuildFile; fileRef = 024336A6208981A700770A8D /* chat_MDalarm_20180416_092815.mkv */; };
		024336B42089DE8600770A8D /* NSImage+OpenCV.mm in Sources */ = {isa = PBXBuildFile; fileRef = 024336B32089DE8600770A8D /* NSImage+OpenCV.mm */; };
		024336B62089DEAA00770A8D /* libopencv_imgproc.dylib in Frameworks */ = {isa = PBXBuildFile; fileRef = 024336B52089DEAA00770A8D /* libopencv_imgproc.dylib */; };
		024C4D232089557C003B64A0 /* AppDelegate.mm in Sources */ = {isa = PBXBuildFile; fileRef = 024C4D222089557C003B64A0 /* AppDelegate.mm */; };
		024C4D252089557D003B64A0 /* Assets.xcassets in Resources */ = {isa = PBXBuildFile; fileRef = 024C4D242089557D003B64A0 /* Assets.xcassets */; };
		024C4D282089557D003B64A0 /* MainMenu.xib in Resources */ = {isa = PBXBuildFile; fileRef = 024C4D262089557D003B64A0 /* MainMenu.xib */; };
		024C4D2B2089557D003B64A0 /* main.m in Sources */ = {isa = PBXBuildFile; fileRef = 024C4D2A2089557D003B64A0 /* main.m */; };
		024C4D362089557D003B64A0 /* AntiChatObjCTests.m in Sources */ = {isa = PBXBuildFile; fileRef = 024C4D352089557D003B64A0 /* AntiChatObjCTests.m */; };
		024C4D412089557D003B64A0 /* AntiChatObjCUITests.m in Sources */ = {isa = PBXBuildFile; fileRef = 024C4D402089557D003B64A0 /* AntiChatObjCUITests.m */; };
/* End PBXBuildFile section */

/* Begin PBXContainerItemProxy section */
		024C4D322089557D003B64A0 /* PBXContainerItemProxy */ = {
			isa = PBXContainerItemProxy;
			containerPortal = 024C4D162089557C003B64A0 /* Project object */;
			proxyType = 1;
			remoteGlobalIDString = 024C4D1D2089557C003B64A0;
			remoteInfo = AntiChatObjC;
		};
		024C4D3D2089557D003B64A0 /* PBXContainerItemProxy */ = {
			isa = PBXContainerItemProxy;
			containerPortal = 024C4D162089557C003B64A0 /* Project object */;
			proxyType = 1;
			remoteGlobalIDString = 024C4D1D2089557C003B64A0;
			remoteInfo = AntiChatObjC;
		};
/* End PBXContainerItemProxy section */

/* Begin PBXFileReference section */
		0243369820897E0600770A8D /* libopencv_core.dylib */ = {isa = PBXFileReference; lastKnownFileType = "compiled.mach-o.dylib"; name = libopencv_core.dylib; path = ../../../../../opt/local/lib/libopencv_core.dylib; sourceTree = "<group>"; };
		0243369C20897FF600770A8D /* opencv2 */ = {isa = PBXFileReference; lastKnownFileType = folder; name = opencv2; path = ../../../../../opt/local/include/opencv2; sourceTree = "<group>"; };
		0243369E2089815E00770A8D /* libopencv_video.dylib */ = {isa = PBXFileReference; lastKnownFileType = "compiled.mach-o.dylib"; name = libopencv_video.dylib; path = ../../../../../opt/local/lib/libopencv_video.dylib; sourceTree = "<group>"; };
		0243369F2089815E00770A8D /* libopencv_videoio.dylib */ = {isa = PBXFileReference; lastKnownFileType = "compiled.mach-o.dylib"; name = libopencv_videoio.dylib; path = ../../../../../opt/local/lib/libopencv_videoio.dylib; sourceTree = "<group>"; };
		024336A5208981A700770A8D /* chat_MDalarm_20180403_044658.mkv */ = {isa = PBXFileReference; lastKnownFileType = file; path = chat_MDalarm_20180403_044658.mkv; sourceTree = "<group>"; };
		024336A6208981A700770A8D /* chat_MDalarm_20180416_092815.mkv */ = {isa = PBXFileReference; lastKnownFileType = file; path = chat_MDalarm_20180416_092815.mkv; sourceTree = "<group>"; };
		024336B22089DE8600770A8D /* NSImage+OpenCV.h */ = {isa = PBXFileReference; fileEncoding = 4; lastKnownFileType = sourcecode.c.h; path = "NSImage+OpenCV.h"; sourceTree = "<group>"; };
		024336B32089DE8600770A8D /* NSImage+OpenCV.mm */ = {isa = PBXFileReference; fileEncoding = 4; lastKnownFileType = sourcecode.cpp.objcpp; path = "NSImage+OpenCV.mm"; sourceTree = "<group>"; };
		024336B52089DEAA00770A8D /* libopencv_imgproc.dylib */ = {isa = PBXFileReference; lastKnownFileType = "compiled.mach-o.dylib"; name = libopencv_imgproc.dylib; path = ../../../../../opt/local/lib/libopencv_imgproc.dylib; sourceTree = "<group>"; };
		024C4D1E2089557C003B64A0 /* AntiChatObjC.app */ = {isa = PBXFileReference; explicitFileType = wrapper.application; includeInIndex = 0; path = AntiChatObjC.app; sourceTree = BUILT_PRODUCTS_DIR; };
		024C4D212089557C003B64A0 /* AppDelegate.h */ = {isa = PBXFileReference; lastKnownFileType = sourcecode.c.h; path = AppDelegate.h; sourceTree = "<group>"; };
		024C4D222089557C003B64A0 /* AppDelegate.mm */ = {isa = PBXFileReference; lastKnownFileType = sourcecode.cpp.objcpp; path = AppDelegate.mm; sourceTree = "<group>"; };
		024C4D242089557D003B64A0 /* Assets.xcassets */ = {isa = PBXFileReference; lastKnownFileType = folder.assetcatalog; path = Assets.xcassets; sourceTree = "<group>"; };
		024C4D272089557D003B64A0 /* Base */ = {isa = PBXFileReference; lastKnownFileType = file.xib; name = Base; path = Base.lproj/MainMenu.xib; sourceTree = "<group>"; };
		024C4D292089557D003B64A0 /* Info.plist */ = {isa = PBXFileReference; lastKnownFileType = text.plist.xml; path = Info.plist; sourceTree = "<group>"; };
		024C4D2A2089557D003B64A0 /* main.m */ = {isa = PBXFileReference; lastKnownFileType = sourcecode.c.objc; path = main.m; sourceTree = "<group>"; };
		024C4D2C2089557D003B64A0 /* AntiChatObjC.entitlements */ = {isa = PBXFileReference; lastKnownFileType = text.plist.entitlements; path = AntiChatObjC.entitlements; sourceTree = "<group>"; };
		024C4D312089557D003B64A0 /* AntiChatObjCTests.xctest */ = {isa = PBXFileReference; explicitFileType = wrapper.cfbundle; includeInIndex = 0; path = AntiChatObjCTests.xctest; sourceTree = BUILT_PRODUCTS_DIR; };
		024C4D352089557D003B64A0 /* AntiChatObjCTests.m */ = {isa = PBXFileReference; lastKnownFileType = sourcecode.c.objc; path = AntiChatObjCTests.m; sourceTree = "<group>"; };
		024C4D372089557D003B64A0 /* Info.plist */ = {isa = PBXFileReference; lastKnownFileType = text.plist.xml; path = Info.plist; sourceTree = "<group>"; };
		024C4D3C2089557D003B64A0 /* AntiChatObjCUITests.xctest */ = {isa = PBXFileReference; explicitFileType = wrapper.cfbundle; includeInIndex = 0; path = AntiChatObjCUITests.xctest; sourceTree = BUILT_PRODUCTS_DIR; };
		024C4D402089557D003B64A0 /* AntiChatObjCUITests.m */ = {isa = PBXFileReference; lastKnownFileType = sourcecode.c.objc; path = AntiChatObjCUITests.m; sourceTree = "<group>"; };
		024C4D422089557D003B64A0 /* Info.plist */ = {isa = PBXFileReference; lastKnownFileType = text.plist.xml; path = Info.plist; sourceTree = "<group>"; };
/* End PBXFileReference section */

/* Begin PBXFrameworksBuildPhase section */
		024C4D1B2089557C003B64A0 /* Frameworks */ = {
			isa = PBXFrameworksBuildPhase;
			buildActionMask = 2147483647;
			files = (
				024336B62089DEAA00770A8D /* libopencv_imgproc.dylib in Frameworks */,
				024336A02089815E00770A8D /* libopencv_video.dylib in Frameworks */,
				024336A12089815E00770A8D /* libopencv_videoio.dylib in Frameworks */,
				0243369920897E0600770A8D /* libopencv_core.dylib in Frameworks */,
			);
			runOnlyForDeploymentPostprocessing = 0;
		};
		024C4D2E2089557D003B64A0 /* Frameworks */ = {
			isa = PBXFrameworksBuildPhase;
			buildActionMask = 2147483647;
			files = (
			);
			runOnlyForDeploymentPostprocessing = 0;
		};
		024C4D392089557D003B64A0 /* Frameworks */ = {
			isa = PBXFrameworksBuildPhase;
			buildActionMask = 2147483647;
			files = (
			);
			runOnlyForDeploymentPostprocessing = 0;
		};
/* End PBXFrameworksBuildPhase section */

/* Begin PBXGroup section */
		0243369720897E0600770A8D /* Frameworks */ = {
			isa = PBXGroup;
			children = (
				024336B52089DEAA00770A8D /* libopencv_imgproc.dylib */,
				0243369E2089815E00770A8D /* libopencv_video.dylib */,
				0243369F2089815E00770A8D /* libopencv_videoio.dylib */,
				0243369820897E0600770A8D /* libopencv_core.dylib */,
				0243369C20897FF600770A8D /* opencv2 */,
			);
			name = Frameworks;
			sourceTree = "<group>";
		};
		024336A4208981A700770A8D /* videos */ = {
			isa = PBXGroup;
			children = (
				024336A5208981A700770A8D /* chat_MDalarm_20180403_044658.mkv */,
				024336A6208981A700770A8D /* chat_MDalarm_20180416_092815.mkv */,
			);
			name = videos;
			path = ../videos;
			sourceTree = "<group>";
		};
		024C4D152089557C003B64A0 = {
			isa = PBXGroup;
			children = (
				024336A4208981A700770A8D /* videos */,
				024C4D202089557C003B64A0 /* AntiChatObjC */,
				024C4D342089557D003B64A0 /* AntiChatObjCTests */,
				024C4D3F2089557D003B64A0 /* AntiChatObjCUITests */,
				024C4D1F2089557C003B64A0 /* Products */,
				0243369720897E0600770A8D /* Frameworks */,
			);
			sourceTree = "<group>";
		};
		024C4D1F2089557C003B64A0 /* Products */ = {
			isa = PBXGroup;
			children = (
				024C4D1E2089557C003B64A0 /* AntiChatObjC.app */,
				024C4D312089557D003B64A0 /* AntiChatObjCTests.xctest */,
				024C4D3C2089557D003B64A0 /* AntiChatObjCUITests.xctest */,
			);
			name = Products;
			sourceTree = "<group>";
		};
		024C4D202089557C003B64A0 /* AntiChatObjC */ = {
			isa = PBXGroup;
			children = (
				024C4D212089557C003B64A0 /* AppDelegate.h */,
				024C4D222089557C003B64A0 /* AppDelegate.mm */,
				024336B22089DE8600770A8D /* NSImage+OpenCV.h */,
				024336B32089DE8600770A8D /* NSImage+OpenCV.mm */,
				024C4D242089557D003B64A0 /* Assets.xcassets */,
				024C4D262089557D003B64A0 /* MainMenu.xib */,
				024C4D292089557D003B64A0 /* Info.plist */,
				024C4D2A2089557D003B64A0 /* main.m */,
				024C4D2C2089557D003B64A0 /* AntiChatObjC.entitlements */,
			);
			path = AntiChatObjC;
			sourceTree = "<group>";
		};
		024C4D342089557D003B64A0 /* AntiChatObjCTests */ = {
			isa = PBXGroup;
			children = (
				024C4D352089557D003B64A0 /* AntiChatObjCTests.m */,
				024C4D372089557D003B64A0 /* Info.plist */,
			);
			path = AntiChatObjCTests;
			sourceTree = "<group>";
		};
		024C4D3F2089557D003B64A0 /* AntiChatObjCUITests */ = {
			isa = PBXGroup;
			children = (
				024C4D402089557D003B64A0 /* AntiChatObjCUITests.m */,
				024C4D422089557D003B64A0 /* Info.plist */,
			);
			path = AntiChatObjCUITests;
			sourceTree = "<group>";
		};
/* End PBXGroup section */

/* Begin PBXNativeTarget section */
		024C4D1D2089557C003B64A0 /* AntiChatObjC */ = {
			isa = PBXNativeTarget;
			buildConfigurationList = 024C4D452089557D003B64A0 /* Build configuration list for PBXNativeTarget "AntiChatObjC" */;
			buildPhases = (
				024C4D1A2089557C003B64A0 /* Sources */,
				024C4D1B2089557C003B64A0 /* Frameworks */,
				024C4D1C2089557C003B64A0 /* Resources */,
			);
			buildRules = (
			);
			dependencies = (
			);
			name = AntiChatObjC;
			productName = AntiChatObjC;
			productReference = 024C4D1E2089557C003B64A0 /* AntiChatObjC.app */;
			productType = "com.apple.product-type.application";
		};
		024C4D302089557D003B64A0 /* AntiChatObjCTests */ = {
			isa = PBXNativeTarget;
			buildConfigurationList = 024C4D482089557D003B64A0 /* Build configuration list for PBXNativeTarget "AntiChatObjCTests" */;
			buildPhases = (
				024C4D2D2089557D003B64A0 /* Sources */,
				024C4D2E2089557D003B64A0 /* Frameworks */,
				024C4D2F2089557D003B64A0 /* Resources */,
			);
			buildRules = (
			);
			dependencies = (
				024C4D332089557D003B64A0 /* PBXTargetDependency */,
			);
			name = AntiChatObjCTests;
			productName = AntiChatObjCTests;
			productReference = 024C4D312089557D003B64A0 /* AntiChatObjCTests.xctest */;
			productType = "com.apple.product-type.bundle.unit-test";
		};
		024C4D3B2089557D003B64A0 /* AntiChatObjCUITests */ = {
			isa = PBXNativeTarget;
			buildConfigurationList = 024C4D4B2089557D003B64A0 /* Build configuration list for PBXNativeTarget "AntiChatObjCUITests" */;
			buildPhases = (
				024C4D382089557D003B64A0 /* Sources */,
				024C4D392089557D003B64A0 /* Frameworks */,
				024C4D3A2089557D003B64A0 /* Resources */,
			);
			buildRules = (
			);
			dependencies = (
				024C4D3E2089557D003B64A0 /* PBXTargetDependency */,
			);
			name = AntiChatObjCUITests;
			productName = AntiChatObjCUITests;
			productReference = 024C4D3C2089557D003B64A0 /* AntiChatObjCUITests.xctest */;
			productType = "com.apple.product-type.bundle.ui-testing";
		};
/* End PBXNativeTarget section */

/* Begin PBXProject section */
		024C4D162089557C003B64A0 /* Project object */ = {
			isa = PBXProject;
			attributes = {
				LastUpgradeCheck = 0930;
				TargetAttributes = {
					024C4D1D2089557C003B64A0 = {
						CreatedOnToolsVersion = 9.3;
					};
					024C4D302089557D003B64A0 = {
						CreatedOnToolsVersion = 9.3;
						TestTargetID = 024C4D1D2089557C003B64A0;
					};
					024C4D3B2089557D003B64A0 = {
						CreatedOnToolsVersion = 9.3;
						TestTargetID = 024C4D1D2089557C003B64A0;
					};
				};
			};
			buildConfigurationList = 024C4D192089557C003B64A0 /* Build configuration list for PBXProject "AntiChatObjC" */;
			compatibilityVersion = "Xcode 9.3";
			developmentRegion = en;
			hasScannedForEncodings = 0;
			knownRegions = (
				en,
				Base,
			);
			mainGroup = 024C4D152089557C003B64A0;
			productRefGroup = 024C4D1F2089557C003B64A0 /* Products */;
			projectDirPath = "";
			projectRoot = "";
			targets = (
				024C4D1D2089557C003B64A0 /* AntiChatObjC */,
				024C4D302089557D003B64A0 /* AntiChatObjCTests */,
				024C4D3B2089557D003B64A0 /* AntiChatObjCUITests */,
			);
		};
/* End PBXProject section */

/* Begin PBXResourcesBuildPhase section */
		024C4D1C2089557C003B64A0 /* Resources */ = {
			isa = PBXResourcesBuildPhase;
			buildActionMask = 2147483647;
			files = (
				024336A7208981A700770A8D /* chat_MDalarm_20180403_044658.mkv in Resources */,
				0243369D20897FF700770A8D /* opencv2 in Resources */,
				024C4D252089557D003B64A0 /* Assets.xcassets in Resources */,
				024336A8208981A700770A8D /* chat_MDalarm_20180416_092815.mkv in Resources */,
				024C4D282089557D003B64A0 /* MainMenu.xib in Resources */,
			);
			runOnlyForDeploymentPostprocessing = 0;
		};
		024C4D2F2089557D003B64A0 /* Resources */ = {
			isa = PBXResourcesBuildPhase;
			buildActionMask = 2147483647;
			files = (
			);
			runOnlyForDeploymentPostprocessing = 0;
		};
		024C4D3A2089557D003B64A0 /* Resources */ = {
			isa = PBXResourcesBuildPhase;
			buildActionMask = 2147483647;
			files = (
			);
			runOnlyForDeploymentPostprocessing = 0;
		};
/* End PBXResourcesBuildPhase section */

/* Begin PBXSourcesBuildPhase section */
		024C4D1A2089557C003B64A0 /* Sources */ = {
			isa = PBXSourcesBuildPhase;
			buildActionMask = 2147483647;
			files = (
				024C4D2B2089557D003B64A0 /* main.m in Sources */,
				024336B42089DE8600770A8D /* NSImage+OpenCV.mm in Sources */,
				024C4D232089557C003B64A0 /* AppDelegate.mm in Sources */,
			);
			runOnlyForDeploymentPostprocessing = 0;
		};
		024C4D2D2089557D003B64A0 /* Sources */ = {
			isa = PBXSourcesBuildPhase;
			buildActionMask = 2147483647;
			files = (
				024C4D362089557D003B64A0 /* AntiChatObjCTests.m in Sources */,
			);
			runOnlyForDeploymentPostprocessing = 0;
		};
		024C4D382089557D003B64A0 /* Sources */ = {
			isa = PBXSourcesBuildPhase;
			buildActionMask = 2147483647;
			files = (
				024C4D412089557D003B64A0 /* AntiChatObjCUITests.m in Sources */,
			);
			runOnlyForDeploymentPostprocessing = 0;
		};
/* End PBXSourcesBuildPhase section */

/* Begin PBXTargetDependency section */
		024C4D332089557D003B64A0 /* PBXTargetDependency */ = {
			isa = PBXTargetDependency;
			target = 024C4D1D2089557C003B64A0 /* AntiChatObjC */;
			targetProxy = 024C4D322089557D003B64A0 /* PBXContainerItemProxy */;
		};
		024C4D3E2089557D003B64A0 /* PBXTargetDependency */ = {
			isa = PBXTargetDependency;
			target = 024C4D1D2089557C003B64A0 /* AntiChatObjC */;
			targetProxy = 024C4D3D2089557D003B64A0 /* PBXContainerItemProxy */;
		};
/* End PBXTargetDependency section */

/* Begin PBXVariantGroup section */
		024C4D262089557D003B64A0 /* MainMenu.xib */ = {
			isa = PBXVariantGroup;
			children = (
				024C4D272089557D003B64A0 /* Base */,
			);
			name = MainMenu.xib;
			sourceTree = "<group>";
		};
/* End PBXVariantGroup section */

/* Begin XCBuildConfiguration section */
		024C4D432089557D003B64A0 /* Debug */ = {
			isa = XCBuildConfiguration;
			buildSettings = {
				ALWAYS_SEARCH_USER_PATHS = NO;
				CLANG_ANALYZER_NONNULL = YES;
				CLANG_ANALYZER_NUMBER_OBJECT_CONVERSION = YES_AGGRESSIVE;
				CLANG_CXX_LANGUAGE_STANDARD = "gnu++14";
				CLANG_CXX_LIBRARY = "libc++";
				CLANG_ENABLE_MODULES = YES;
				CLANG_ENABLE_OBJC_ARC = YES;
				CLANG_ENABLE_OBJC_WEAK = YES;
				CLANG_WARN_BLOCK_CAPTURE_AUTORELEASING = YES;
				CLANG_WARN_BOOL_CONVERSION = YES;
				CLANG_WARN_COMMA = YES;
				CLANG_WARN_CONSTANT_CONVERSION = YES;
				CLANG_WARN_DEPRECATED_OBJC_IMPLEMENTATIONS = YES;
				CLANG_WARN_DIRECT_OBJC_ISA_USAGE = YES_ERROR;
				CLANG_WARN_DOCUMENTATION_COMMENTS = YES;
				CLANG_WARN_EMPTY_BODY = YES;
				CLANG_WARN_ENUM_CONVERSION = YES;
				CLANG_WARN_INFINITE_RECURSION = YES;
				CLANG_WARN_INT_CONVERSION = YES;
				CLANG_WARN_NON_LITERAL_NULL_CONVERSION = YES;
				CLANG_WARN_OBJC_IMPLICIT_RETAIN_SELF = YES;
				CLANG_WARN_OBJC_LITERAL_CONVERSION = YES;
				CLANG_WARN_OBJC_ROOT_CLASS = YES_ERROR;
				CLANG_WARN_RANGE_LOOP_ANALYSIS = YES;
				CLANG_WARN_STRICT_PROTOTYPES = YES;
				CLANG_WARN_SUSPICIOUS_MOVE = YES;
				CLANG_WARN_UNGUARDED_AVAILABILITY = YES_AGGRESSIVE;
				CLANG_WARN_UNREACHABLE_CODE = YES;
				CLANG_WARN__DUPLICATE_METHOD_MATCH = YES;
				CODE_SIGN_IDENTITY = "-";
				COPY_PHASE_STRIP = NO;
				DEBUG_INFORMATION_FORMAT = dwarf;
				ENABLE_STRICT_OBJC_MSGSEND = YES;
				ENABLE_TESTABILITY = YES;
				GCC_C_LANGUAGE_STANDARD = gnu11;
				GCC_DYNAMIC_NO_PIC = NO;
				GCC_NO_COMMON_BLOCKS = YES;
				GCC_OPTIMIZATION_LEVEL = 0;
				GCC_PREPROCESSOR_DEFINITIONS = (
					"DEBUG=1",
					"$(inherited)",
				);
				GCC_WARN_64_TO_32_BIT_CONVERSION = YES;
				GCC_WARN_ABOUT_RETURN_TYPE = YES_ERROR;
				GCC_WARN_UNDECLARED_SELECTOR = YES;
				GCC_WARN_UNINITIALIZED_AUTOS = YES_AGGRESSIVE;
				GCC_WARN_UNUSED_FUNCTION = YES;
				GCC_WARN_UNUSED_VARIABLE = YES;
				MACOSX_DEPLOYMENT_TARGET = 10.14;
				MTL_ENABLE_DEBUG_INFO = YES;
				ONLY_ACTIVE_ARCH = YES;
				SDKROOT = macosx;
			};
			name = Debug;
		};
		024C4D442089557D003B64A0 /* Release */ = {
			isa = XCBuildConfiguration;
			buildSettings = {
				ALWAYS_SEARCH_USER_PATHS = NO;
				CLANG_ANALYZER_NONNULL = YES;
				CLANG_ANALYZER_NUMBER_OBJECT_CONVERSION = YES_AGGRESSIVE;
				CLANG_CXX_LANGUAGE_STANDARD = "gnu++14";
				CLANG_CXX_LIBRARY = "libc++";
				CLANG_ENABLE_MODULES = YES;
				CLANG_ENABLE_OBJC_ARC = YES;
				CLANG_ENABLE_OBJC_WEAK = YES;
				CLANG_WARN_BLOCK_CAPTURE_AUTORELEASING = YES;
				CLANG_WARN_BOOL_CONVERSION = YES;
				CLANG_WARN_COMMA = YES;
				CLANG_WARN_CONSTANT_CONVERSION = YES;
				CLANG_WARN_DEPRECATED_OBJC_IMPLEMENTATIONS = YES;
				CLANG_WARN_DIRECT_OBJC_ISA_USAGE = YES_ERROR;
				CLANG_WARN_DOCUMENTATION_COMMENTS = YES;
				CLANG_WARN_EMPTY_BODY = YES;
				CLANG_WARN_ENUM_CONVERSION = YES;
				CLANG_WARN_INFINITE_RECURSION = YES;
				CLANG_WARN_INT_CONVERSION = YES;
				CLANG_WARN_NON_LITERAL_NULL_CONVERSION = YES;
				CLANG_WARN_OBJC_IMPLICIT_RETAIN_SELF = YES;
				CLANG_WARN_OBJC_LITERAL_CONVERSION = YES;
				CLANG_WARN_OBJC_ROOT_CLASS = YES_ERROR;
				CLANG_WARN_RANGE_LOOP_ANALYSIS = YES;
				CLANG_WARN_STRICT_PROTOTYPES = YES;
				CLANG_WARN_SUSPICIOUS_MOVE = YES;
				CLANG_WARN_UNGUARDED_AVAILABILITY = YES_AGGRESSIVE;
				CLANG_WARN_UNREACHABLE_CODE = YES;
				CLANG_WARN__DUPLICATE_METHOD_MATCH = YES;
				CODE_SIGN_IDENTITY = "-";
				COPY_PHASE_STRIP = NO;
				DEBUG_INFORMATION_FORMAT = "dwarf-with-dsym";
				ENABLE_NS_ASSERTIONS = NO;
				ENABLE_STRICT_OBJC_MSGSEND = YES;
				GCC_C_LANGUAGE_STANDARD = gnu11;
				GCC_NO_COMMON_BLOCKS = YES;
				GCC_WARN_64_TO_32_BIT_CONVERSION = YES;
				GCC_WARN_ABOUT_RETURN_TYPE = YES_ERROR;
				GCC_WARN_UNDECLARED_SELECTOR = YES;
				GCC_WARN_UNINITIALIZED_AUTOS = YES_AGGRESSIVE;
				GCC_WARN_UNUSED_FUNCTION = YES;
				GCC_WARN_UNUSED_VARIABLE = YES;
				MACOSX_DEPLOYMENT_TARGET = 10.14;
				MTL_ENABLE_DEBUG_INFO = NO;
				SDKROOT = macosx;
			};
			name = Release;
		};
		024C4D462089557D003B64A0 /* Debug */ = {
			isa = XCBuildConfiguration;
			buildSettings = {
				ASSETCATALOG_COMPILER_APPICON_NAME = AppIcon;
				CODE_SIGN_ENTITLEMENTS = AntiChatObjC/AntiChatObjC.entitlements;
				CODE_SIGN_STYLE = Automatic;
				COMBINE_HIDPI_IMAGES = YES;
				HEADER_SEARCH_PATHS = /opt/local/include;
				INFOPLIST_FILE = AntiChatObjC/Info.plist;
				LD_RUNPATH_SEARCH_PATHS = (
					"$(inherited)",
					"@executable_path/../Frameworks",
				);
				LIBRARY_SEARCH_PATHS = (
					"$(inherited)",
					/opt/local/lib,
				);
				PRODUCT_BUNDLE_IDENTIFIER = antichat.AntiChatObjC;
				PRODUCT_NAME = "$(TARGET_NAME)";
			};
			name = Debug;
		};
		024C4D472089557D003B64A0 /* Release */ = {
			isa = XCBuildConfiguration;
			buildSettings = {
				ASSETCATALOG_COMPILER_APPICON_NAME = AppIcon;
				CODE_SIGN_ENTITLEMENTS = AntiChatObjC/AntiChatObjC.entitlements;
				CODE_SIGN_STYLE = Automatic;
				COMBINE_HIDPI_IMAGES = YES;
				HEADER_SEARCH_PATHS = /opt/local/include;
				INFOPLIST_FILE = AntiChatObjC/Info.plist;
				LD_RUNPATH_SEARCH_PATHS = (
					"$(inherited)",
					"@executable_path/../Frameworks",
				);
				LIBRARY_SEARCH_PATHS = (
					"$(inherited)",
					/opt/local/lib,
				);
				PRODUCT_BUNDLE_IDENTIFIER = antichat.AntiChatObjC;
				PRODUCT_NAME = "$(TARGET_NAME)";
			};
			name = Release;
		};
		024C4D492089557D003B64A0 /* Debug */ = {
			isa = XCBuildConfiguration;
			buildSettings = {
				BUNDLE_LOADER = "$(TEST_HOST)";
				CODE_SIGN_STYLE = Automatic;
				COMBINE_HIDPI_IMAGES = YES;
				INFOPLIST_FILE = AntiChatObjCTests/Info.plist;
				LD_RUNPATH_SEARCH_PATHS = (
					"$(inherited)",
					"@executable_path/../Frameworks",
					"@loader_path/../Frameworks",
				);
				PRODUCT_BUNDLE_IDENTIFIER = antichat.AntiChatObjCTests;
				PRODUCT_NAME = "$(TARGET_NAME)";
				TEST_HOST = "$(BUILT_PRODUCTS_DIR)/AntiChatObjC.app/Contents/MacOS/AntiChatObjC";
			};
			name = Debug;
		};
		024C4D4A2089557D003B64A0 /* Release */ = {
			isa = XCBuildConfiguration;
			buildSettings = {
				BUNDLE_LOADER = "$(TEST_HOST)";
				CODE_SIGN_STYLE = Automatic;
				COMBINE_HIDPI_IMAGES = YES;
				INFOPLIST_FILE = AntiChatObjCTests/Info.plist;
				LD_RUNPATH_SEARCH_PATHS = (
					"$(inherited)",
					"@executable_path/../Frameworks",
					"@loader_path/../Frameworks",
				);
				PRODUCT_BUNDLE_IDENTIFIER = antichat.AntiChatObjCTests;
				PRODUCT_NAME = "$(TARGET_NAME)";
				TEST_HOST = "$(BUILT_PRODUCTS_DIR)/AntiChatObjC.app/Contents/MacOS/AntiChatObjC";
			};
			name = Release;
		};
		024C4D4C2089557D003B64A0 /* Debug */ = {
			isa = XCBuildConfiguration;
			buildSettings = {
				CODE_SIGN_STYLE = Automatic;
				COMBINE_HIDPI_IMAGES = YES;
				INFOPLIST_FILE = AntiChatObjCUITests/Info.plist;
				LD_RUNPATH_SEARCH_PATHS = (
					"$(inherited)",
					"@executable_path/../Frameworks",
					"@loader_path/../Frameworks",
				);
				PRODUCT_BUNDLE_IDENTIFIER = antichat.AntiChatObjCUITests;
				PRODUCT_NAME = "$(TARGET_NAME)";
				TEST_TARGET_NAME = AntiChatObjC;
			};
			name = Debug;
		};
		024C4D4D2089557D003B64A0 /* Release */ = {
			isa = XCBuildConfiguration;
			buildSettings = {
				CODE_SIGN_STYLE = Automatic;
				COMBINE_HIDPI_IMAGES = YES;
				INFOPLIST_FILE = AntiChatObjCUITests/Info.plist;
				LD_RUNPATH_SEARCH_PATHS = (
					"$(inherited)",
					"@executable_path/../Frameworks",
					"@loader_path/../Frameworks",
				);
				PRODUCT_BUNDLE_IDENTIFIER = antichat.AntiChatObjCUITests;
				PRODUCT_NAME = "$(TARGET_NAME)";
				TEST_TARGET_NAME = AntiChatObjC;
			};
			name = Release;
		};
/* End XCBuildConfiguration section */

/* Begin XCConfigurationList section */
		024C4D192089557C003B64A0 /* Build configuration list for PBXProject "AntiChatObjC" */ = {
			isa = XCConfigurationList;
			buildConfigurations = (
				024C4D432089557D003B64A0 /* Debug */,
				024C4D442089557D003B64A0 /* Release */,
			);
			defaultConfigurationIsVisible = 0;
			defaultConfigurationName = Release;
		};
		024C4D452089557D003B64A0 /* Build configuration list for PBXNativeTarget "AntiChatObjC" */ = {
			isa = XCConfigurationList;
			buildConfigurations = (
				024C4D462089557D003B64A0 /* Debug */,
				024C4D472089557D003B64A0 /* Release */,
			);
			defaultConfigurationIsVisible = 0;
			defaultConfigurationName = Release;
		};
		024C4D482089557D003B64A0 /* Build configuration list for PBXNativeTarget "AntiChatObjCTests" */ = {
			isa = XCConfigurationList;
			buildConfigurations = (
				024C4D492089557D003B64A0 /* Debug */,
				024C4D4A2089557D003B64A0 /* Release */,
			);
			defaultConfigurationIsVisible = 0;
			defaultConfigurationName = Release;
		};
		024C4D4B2089557D003B64A0 /* Build configuration list for PBXNativeTarget "AntiChatObjCUITests" */ = {
			isa = XCConfigurationList;
			buildConfigurations = (
				024C4D4C2089557D003B64A0 /* Debug */,
				024C4D4D2089557D003B64A0 /* Release */,
			);
			defaultConfigurationIsVisible = 0;
			defaultConfigurationName = Release;
		};
/* End XCConfigurationList section */
	};
	rootObject = 024C4D162089557C003B64A0 /* Project object */;
}
